// !$*UTF8*$!
{
	archiveVersion = 1;
	classes = {
	};
	objectVersion = 56;
	objects = {

/* Begin PBXBuildFile section */
		71DF69F82922CD1700CC618F /* FitnessGuideApp.swift in Sources */ = {isa = PBXBuildFile; fileRef = 71DF69F72922CD1700CC618F /* FitnessGuideApp.swift */; };
		71DF69FA2922CD1700CC618F /* ContentView.swift in Sources */ = {isa = PBXBuildFile; fileRef = 71DF69F92922CD1700CC618F /* ContentView.swift */; };
		71DF69FC2922CD1800CC618F /* Assets.xcassets in Resources */ = {isa = PBXBuildFile; fileRef = 71DF69FB2922CD1800CC618F /* Assets.xcassets */; };
		71DF69FF2922CD1800CC618F /* Preview Assets.xcassets in Resources */ = {isa = PBXBuildFile; fileRef = 71DF69FE2922CD1800CC618F /* Preview Assets.xcassets */; };
		71DF6A092922CD1800CC618F /* FitnessGuideTests.swift in Sources */ = {isa = PBXBuildFile; fileRef = 71DF6A082922CD1800CC618F /* FitnessGuideTests.swift */; };
		71DF6A132922CD1800CC618F /* FitnessGuideUITests.swift in Sources */ = {isa = PBXBuildFile; fileRef = 71DF6A122922CD1800CC618F /* FitnessGuideUITests.swift */; };
		71DF6A152922CD1800CC618F /* FitnessGuideUITestsLaunchTests.swift in Sources */ = {isa = PBXBuildFile; fileRef = 71DF6A142922CD1800CC618F /* FitnessGuideUITestsLaunchTests.swift */; };
		71DF6A222922CDDF00CC618F /* ContentViewModel.swift in Sources */ = {isa = PBXBuildFile; fileRef = 71DF6A212922CDDF00CC618F /* ContentViewModel.swift */; };
/* End PBXBuildFile section */

/* Begin PBXContainerItemProxy section */
		71DF6A052922CD1800CC618F /* PBXContainerItemProxy */ = {
			isa = PBXContainerItemProxy;
			containerPortal = 71DF69EC2922CD1700CC618F /* Project object */;
			proxyType = 1;
			remoteGlobalIDString = 71DF69F32922CD1700CC618F;
			remoteInfo = FitnessGuide;
		};
		71DF6A0F2922CD1800CC618F /* PBXContainerItemProxy */ = {
			isa = PBXContainerItemProxy;
			containerPortal = 71DF69EC2922CD1700CC618F /* Project object */;
			proxyType = 1;
			remoteGlobalIDString = 71DF69F32922CD1700CC618F;
			remoteInfo = FitnessGuide;
		};
/* End PBXContainerItemProxy section */

/* Begin PBXFileReference section */
		71DF69F42922CD1700CC618F /* FitnessGuide.app */ = {isa = PBXFileReference; explicitFileType = wrapper.application; includeInIndex = 0; path = FitnessGuide.app; sourceTree = BUILT_PRODUCTS_DIR; };
		71DF69F72922CD1700CC618F /* FitnessGuideApp.swift */ = {isa = PBXFileReference; lastKnownFileType = sourcecode.swift; path = FitnessGuideApp.swift; sourceTree = "<group>"; };
		71DF69F92922CD1700CC618F /* ContentView.swift */ = {isa = PBXFileReference; lastKnownFileType = sourcecode.swift; path = ContentView.swift; sourceTree = "<group>"; };
		71DF69FB2922CD1800CC618F /* Assets.xcassets */ = {isa = PBXFileReference; lastKnownFileType = folder.assetcatalog; path = Assets.xcassets; sourceTree = "<group>"; };
		71DF69FE2922CD1800CC618F /* Preview Assets.xcassets */ = {isa = PBXFileReference; lastKnownFileType = folder.assetcatalog; path = "Preview Assets.xcassets"; sourceTree = "<group>"; };
		71DF6A042922CD1800CC618F /* FitnessGuideTests.xctest */ = {isa = PBXFileReference; explicitFileType = wrapper.cfbundle; includeInIndex = 0; path = FitnessGuideTests.xctest; sourceTree = BUILT_PRODUCTS_DIR; };
		71DF6A082922CD1800CC618F /* FitnessGuideTests.swift */ = {isa = PBXFileReference; lastKnownFileType = sourcecode.swift; path = FitnessGuideTests.swift; sourceTree = "<group>"; };
		71DF6A0E2922CD1800CC618F /* FitnessGuideUITests.xctest */ = {isa = PBXFileReference; explicitFileType = wrapper.cfbundle; includeInIndex = 0; path = FitnessGuideUITests.xctest; sourceTree = BUILT_PRODUCTS_DIR; };
		71DF6A122922CD1800CC618F /* FitnessGuideUITests.swift */ = {isa = PBXFileReference; lastKnownFileType = sourcecode.swift; path = FitnessGuideUITests.swift; sourceTree = "<group>"; };
		71DF6A142922CD1800CC618F /* FitnessGuideUITestsLaunchTests.swift */ = {isa = PBXFileReference; lastKnownFileType = sourcecode.swift; path = FitnessGuideUITestsLaunchTests.swift; sourceTree = "<group>"; };
		71DF6A212922CDDF00CC618F /* ContentViewModel.swift */ = {isa = PBXFileReference; lastKnownFileType = sourcecode.swift; path = ContentViewModel.swift; sourceTree = "<group>"; };
/* End PBXFileReference section */

/* Begin PBXFrameworksBuildPhase section */
		71DF69F12922CD1700CC618F /* Frameworks */ = {
			isa = PBXFrameworksBuildPhase;
			buildActionMask = 2147483647;
			files = (
			);
			runOnlyForDeploymentPostprocessing = 0;
		};
		71DF6A012922CD1800CC618F /* Frameworks */ = {
			isa = PBXFrameworksBuildPhase;
			buildActionMask = 2147483647;
			files = (
			);
			runOnlyForDeploymentPostprocessing = 0;
		};
		71DF6A0B2922CD1800CC618F /* Frameworks */ = {
			isa = PBXFrameworksBuildPhase;
			buildActionMask = 2147483647;
			files = (
			);
			runOnlyForDeploymentPostprocessing = 0;
		};
/* End PBXFrameworksBuildPhase section */

/* Begin PBXGroup section */
		71DF69EB2922CD1700CC618F = {
			isa = PBXGroup;
			children = (
				71DF69F62922CD1700CC618F /* FitnessGuide */,
				71DF6A072922CD1800CC618F /* FitnessGuideTests */,
				71DF6A112922CD1800CC618F /* FitnessGuideUITests */,
				71DF69F52922CD1700CC618F /* Products */,
			);
			sourceTree = "<group>";
		};
		71DF69F52922CD1700CC618F /* Products */ = {
			isa = PBXGroup;
			children = (
				71DF69F42922CD1700CC618F /* FitnessGuide.app */,
				71DF6A042922CD1800CC618F /* FitnessGuideTests.xctest */,
				71DF6A0E2922CD1800CC618F /* FitnessGuideUITests.xctest */,
			);
			name = Products;
			sourceTree = "<group>";
		};
		71DF69F62922CD1700CC618F /* FitnessGuide */ = {
			isa = PBXGroup;
			children = (
				71DF69F72922CD1700CC618F /* FitnessGuideApp.swift */,
				71DF69F92922CD1700CC618F /* ContentView.swift */,
				71DF69FB2922CD1800CC618F /* Assets.xcassets */,
				71DF69FD2922CD1800CC618F /* Preview Content */,
				71DF6A212922CDDF00CC618F /* ContentViewModel.swift */,
			);
			path = FitnessGuide;
			sourceTree = "<group>";
		};
		71DF69FD2922CD1800CC618F /* Preview Content */ = {
			isa = PBXGroup;
			children = (
				71DF69FE2922CD1800CC618F /* Preview Assets.xcassets */,
			);
			path = "Preview Content";
			sourceTree = "<group>";
		};
		71DF6A072922CD1800CC618F /* FitnessGuideTests */ = {
			isa = PBXGroup;
			children = (
				71DF6A082922CD1800CC618F /* FitnessGuideTests.swift */,
			);
			path = FitnessGuideTests;
			sourceTree = "<group>";
		};
		71DF6A112922CD1800CC618F /* FitnessGuideUITests */ = {
			isa = PBXGroup;
			children = (
				71DF6A122922CD1800CC618F /* FitnessGuideUITests.swift */,
				71DF6A142922CD1800CC618F /* FitnessGuideUITestsLaunchTests.swift */,
			);
			path = FitnessGuideUITests;
			sourceTree = "<group>";
		};
/* End PBXGroup section */

/* Begin PBXNativeTarget section */
		71DF69F32922CD1700CC618F /* FitnessGuide */ = {
			isa = PBXNativeTarget;
			buildConfigurationList = 71DF6A182922CD1800CC618F /* Build configuration list for PBXNativeTarget "FitnessGuide" */;
			buildPhases = (
				71DF69F02922CD1700CC618F /* Sources */,
				71DF69F12922CD1700CC618F /* Frameworks */,
				71DF69F22922CD1700CC618F /* Resources */,
			);
			buildRules = (
			);
			dependencies = (
			);
			name = FitnessGuide;
			productName = FitnessGuide;
			productReference = 71DF69F42922CD1700CC618F /* FitnessGuide.app */;
			productType = "com.apple.product-type.application";
		};
		71DF6A032922CD1800CC618F /* FitnessGuideTests */ = {
			isa = PBXNativeTarget;
			buildConfigurationList = 71DF6A1B2922CD1800CC618F /* Build configuration list for PBXNativeTarget "FitnessGuideTests" */;
			buildPhases = (
				71DF6A002922CD1800CC618F /* Sources */,
				71DF6A012922CD1800CC618F /* Frameworks */,
				71DF6A022922CD1800CC618F /* Resources */,
			);
			buildRules = (
			);
			dependencies = (
				71DF6A062922CD1800CC618F /* PBXTargetDependency */,
			);
			name = FitnessGuideTests;
			productName = FitnessGuideTests;
			productReference = 71DF6A042922CD1800CC618F /* FitnessGuideTests.xctest */;
			productType = "com.apple.product-type.bundle.unit-test";
		};
		71DF6A0D2922CD1800CC618F /* FitnessGuideUITests */ = {
			isa = PBXNativeTarget;
			buildConfigurationList = 71DF6A1E2922CD1800CC618F /* Build configuration list for PBXNativeTarget "FitnessGuideUITests" */;
			buildPhases = (
				71DF6A0A2922CD1800CC618F /* Sources */,
				71DF6A0B2922CD1800CC618F /* Frameworks */,
				71DF6A0C2922CD1800CC618F /* Resources */,
			);
			buildRules = (
			);
			dependencies = (
				71DF6A102922CD1800CC618F /* PBXTargetDependency */,
			);
			name = FitnessGuideUITests;
			productName = FitnessGuideUITests;
			productReference = 71DF6A0E2922CD1800CC618F /* FitnessGuideUITests.xctest */;
			productType = "com.apple.product-type.bundle.ui-testing";
		};
/* End PBXNativeTarget section */

/* Begin PBXProject section */
		71DF69EC2922CD1700CC618F /* Project object */ = {
			isa = PBXProject;
			attributes = {
				BuildIndependentTargetsInParallel = 1;
				LastSwiftUpdateCheck = 1400;
				LastUpgradeCheck = 1400;
				TargetAttributes = {
					71DF69F32922CD1700CC618F = {
						CreatedOnToolsVersion = 14.0.1;
					};
					71DF6A032922CD1800CC618F = {
						CreatedOnToolsVersion = 14.0.1;
						TestTargetID = 71DF69F32922CD1700CC618F;
					};
					71DF6A0D2922CD1800CC618F = {
						CreatedOnToolsVersion = 14.0.1;
						TestTargetID = 71DF69F32922CD1700CC618F;
					};
				};
			};
			buildConfigurationList = 71DF69EF2922CD1700CC618F /* Build configuration list for PBXProject "FitnessGuide" */;
			compatibilityVersion = "Xcode 14.0";
			developmentRegion = en;
			hasScannedForEncodings = 0;
			knownRegions = (
				en,
				Base,
			);
			mainGroup = 71DF69EB2922CD1700CC618F;
			productRefGroup = 71DF69F52922CD1700CC618F /* Products */;
			projectDirPath = "";
			projectRoot = "";
			targets = (
				71DF69F32922CD1700CC618F /* FitnessGuide */,
				71DF6A032922CD1800CC618F /* FitnessGuideTests */,
				71DF6A0D2922CD1800CC618F /* FitnessGuideUITests */,
			);
		};
/* End PBXProject section */

/* Begin PBXResourcesBuildPhase section */
		71DF69F22922CD1700CC618F /* Resources */ = {
			isa = PBXResourcesBuildPhase;
			buildActionMask = 2147483647;
			files = (
				71DF69FF2922CD1800CC618F /* Preview Assets.xcassets in Resources */,
				71DF69FC2922CD1800CC618F /* Assets.xcassets in Resources */,
			);
			runOnlyForDeploymentPostprocessing = 0;
		};
		71DF6A022922CD1800CC618F /* Resources */ = {
			isa = PBXResourcesBuildPhase;
			buildActionMask = 2147483647;
			files = (
			);
			runOnlyForDeploymentPostprocessing = 0;
		};
		71DF6A0C2922CD1800CC618F /* Resources */ = {
			isa = PBXResourcesBuildPhase;
			buildActionMask = 2147483647;
			files = (
			);
			runOnlyForDeploymentPostprocessing = 0;
		};
/* End PBXResourcesBuildPhase section */

/* Begin PBXSourcesBuildPhase section */
		71DF69F02922CD1700CC618F /* Sources */ = {
			isa = PBXSourcesBuildPhase;
			buildActionMask = 2147483647;
			files = (
				71DF69FA2922CD1700CC618F /* ContentView.swift in Sources */,
				71DF69F82922CD1700CC618F /* FitnessGuideApp.swift in Sources */,
				71DF6A222922CDDF00CC618F /* ContentViewModel.swift in Sources */,
			);
			runOnlyForDeploymentPostprocessing = 0;
		};
		71DF6A002922CD1800CC618F /* Sources */ = {
			isa = PBXSourcesBuildPhase;
			buildActionMask = 2147483647;
			files = (
				71DF6A092922CD1800CC618F /* FitnessGuideTests.swift in Sources */,
			);
			runOnlyForDeploymentPostprocessing = 0;
		};
		71DF6A0A2922CD1800CC618F /* Sources */ = {
			isa = PBXSourcesBuildPhase;
			buildActionMask = 2147483647;
			files = (
				71DF6A152922CD1800CC618F /* FitnessGuideUITestsLaunchTests.swift in Sources */,
				71DF6A132922CD1800CC618F /* FitnessGuideUITests.swift in Sources */,
			);
			runOnlyForDeploymentPostprocessing = 0;
		};
/* End PBXSourcesBuildPhase section */

/* Begin PBXTargetDependency section */
		71DF6A062922CD1800CC618F /* PBXTargetDependency */ = {
			isa = PBXTargetDependency;
			target = 71DF69F32922CD1700CC618F /* FitnessGuide */;
			targetProxy = 71DF6A052922CD1800CC618F /* PBXContainerItemProxy */;
		};
		71DF6A102922CD1800CC618F /* PBXTargetDependency */ = {
			isa = PBXTargetDependency;
			target = 71DF69F32922CD1700CC618F /* FitnessGuide */;
			targetProxy = 71DF6A0F2922CD1800CC618F /* PBXContainerItemProxy */;
		};
/* End PBXTargetDependency section */

/* Begin XCBuildConfiguration section */
		71DF6A162922CD1800CC618F /* Debug */ = {
			isa = XCBuildConfiguration;
			buildSettings = {
				ALWAYS_SEARCH_USER_PATHS = NO;
				CLANG_ANALYZER_NONNULL = YES;
				CLANG_ANALYZER_NUMBER_OBJECT_CONVERSION = YES_AGGRESSIVE;
				CLANG_CXX_LANGUAGE_STANDARD = "gnu++20";
				CLANG_ENABLE_MODULES = YES;
				CLANG_ENABLE_OBJC_ARC = YES;
				CLANG_ENABLE_OBJC_WEAK = YES;
				CLANG_WARN_BLOCK_CAPTURE_AUTORELEASING = YES;
				CLANG_WARN_BOOL_CONVERSION = YES;
				CLANG_WARN_COMMA = YES;
				CLANG_WARN_CONSTANT_CONVERSION = YES;
				CLANG_WARN_DEPRECATED_OBJC_IMPLEMENTATIONS = YES;
				CLANG_WARN_DIRECT_OBJC_ISA_USAGE = YES_ERROR;
				CLANG_WARN_DOCUMENTATION_COMMENTS = YES;
				CLANG_WARN_EMPTY_BODY = YES;
				CLANG_WARN_ENUM_CONVERSION = YES;
				CLANG_WARN_INFINITE_RECURSION = YES;
				CLANG_WARN_INT_CONVERSION = YES;
				CLANG_WARN_NON_LITERAL_NULL_CONVERSION = YES;
				CLANG_WARN_OBJC_IMPLICIT_RETAIN_SELF = YES;
				CLANG_WARN_OBJC_LITERAL_CONVERSION = YES;
				CLANG_WARN_OBJC_ROOT_CLASS = YES_ERROR;
				CLANG_WARN_QUOTED_INCLUDE_IN_FRAMEWORK_HEADER = YES;
				CLANG_WARN_RANGE_LOOP_ANALYSIS = YES;
				CLANG_WARN_STRICT_PROTOTYPES = YES;
				CLANG_WARN_SUSPICIOUS_MOVE = YES;
				CLANG_WARN_UNGUARDED_AVAILABILITY = YES_AGGRESSIVE;
				CLANG_WARN_UNREACHABLE_CODE = YES;
				CLANG_WARN__DUPLICATE_METHOD_MATCH = YES;
				COPY_PHASE_STRIP = NO;
				DEBUG_INFORMATION_FORMAT = dwarf;
				ENABLE_STRICT_OBJC_MSGSEND = YES;
				ENABLE_TESTABILITY = YES;
				GCC_C_LANGUAGE_STANDARD = gnu11;
				GCC_DYNAMIC_NO_PIC = NO;
				GCC_NO_COMMON_BLOCKS = YES;
				GCC_OPTIMIZATION_LEVEL = 0;
				GCC_PREPROCESSOR_DEFINITIONS = (
					"DEBUG=1",
					"$(inherited)",
				);
				GCC_WARN_64_TO_32_BIT_CONVERSION = YES;
				GCC_WARN_ABOUT_RETURN_TYPE = YES_ERROR;
				GCC_WARN_UNDECLARED_SELECTOR = YES;
				GCC_WARN_UNINITIALIZED_AUTOS = YES_AGGRESSIVE;
				GCC_WARN_UNUSED_FUNCTION = YES;
				GCC_WARN_UNUSED_VARIABLE = YES;
				IPHONEOS_DEPLOYMENT_TARGET = 16.0;
				MTL_ENABLE_DEBUG_INFO = INCLUDE_SOURCE;
				MTL_FAST_MATH = YES;
				ONLY_ACTIVE_ARCH = YES;
				SDKROOT = iphoneos;
				SWIFT_ACTIVE_COMPILATION_CONDITIONS = DEBUG;
				SWIFT_OPTIMIZATION_LEVEL = "-Onone";
			};
			name = Debug;
		};
		71DF6A172922CD1800CC618F /* Release */ = {
			isa = XCBuildConfiguration;
			buildSettings = {
				ALWAYS_SEARCH_USER_PATHS = NO;
				CLANG_ANALYZER_NONNULL = YES;
				CLANG_ANALYZER_NUMBER_OBJECT_CONVERSION = YES_AGGRESSIVE;
				CLANG_CXX_LANGUAGE_STANDARD = "gnu++20";
				CLANG_ENABLE_MODULES = YES;
				CLANG_ENABLE_OBJC_ARC = YES;
				CLANG_ENABLE_OBJC_WEAK = YES;
				CLANG_WARN_BLOCK_CAPTURE_AUTORELEASING = YES;
				CLANG_WARN_BOOL_CONVERSION = YES;
				CLANG_WARN_COMMA = YES;
				CLANG_WARN_CONSTANT_CONVERSION = YES;
				CLANG_WARN_DEPRECATED_OBJC_IMPLEMENTATIONS = YES;
				CLANG_WARN_DIRECT_OBJC_ISA_USAGE = YES_ERROR;
				CLANG_WARN_DOCUMENTATION_COMMENTS = YES;
				CLANG_WARN_EMPTY_BODY = YES;
				CLANG_WARN_ENUM_CONVERSION = YES;
				CLANG_WARN_INFINITE_RECURSION = YES;
				CLANG_WARN_INT_CONVERSION = YES;
				CLANG_WARN_NON_LITERAL_NULL_CONVERSION = YES;
				CLANG_WARN_OBJC_IMPLICIT_RETAIN_SELF = YES;
				CLANG_WARN_OBJC_LITERAL_CONVERSION = YES;
				CLANG_WARN_OBJC_ROOT_CLASS = YES_ERROR;
				CLANG_WARN_QUOTED_INCLUDE_IN_FRAMEWORK_HEADER = YES;
				CLANG_WARN_RANGE_LOOP_ANALYSIS = YES;
				CLANG_WARN_STRICT_PROTOTYPES = YES;
				CLANG_WARN_SUSPICIOUS_MOVE = YES;
				CLANG_WARN_UNGUARDED_AVAILABILITY = YES_AGGRESSIVE;
				CLANG_WARN_UNREACHABLE_CODE = YES;
				CLANG_WARN__DUPLICATE_METHOD_MATCH = YES;
				COPY_PHASE_STRIP = NO;
				DEBUG_INFORMATION_FORMAT = "dwarf-with-dsym";
				ENABLE_NS_ASSERTIONS = NO;
				ENABLE_STRICT_OBJC_MSGSEND = YES;
				GCC_C_LANGUAGE_STANDARD = gnu11;
				GCC_NO_COMMON_BLOCKS = YES;
				GCC_WARN_64_TO_32_BIT_CONVERSION = YES;
				GCC_WARN_ABOUT_RETURN_TYPE = YES_ERROR;
				GCC_WARN_UNDECLARED_SELECTOR = YES;
				GCC_WARN_UNINITIALIZED_AUTOS = YES_AGGRESSIVE;
				GCC_WARN_UNUSED_FUNCTION = YES;
				GCC_WARN_UNUSED_VARIABLE = YES;
				IPHONEOS_DEPLOYMENT_TARGET = 16.0;
				MTL_ENABLE_DEBUG_INFO = NO;
				MTL_FAST_MATH = YES;
				SDKROOT = iphoneos;
				SWIFT_COMPILATION_MODE = wholemodule;
				SWIFT_OPTIMIZATION_LEVEL = "-O";
				VALIDATE_PRODUCT = YES;
			};
			name = Release;
		};
		71DF6A192922CD1800CC618F /* Debug */ = {
			isa = XCBuildConfiguration;
			buildSettings = {
				ASSETCATALOG_COMPILER_APPICON_NAME = AppIcon;
				ASSETCATALOG_COMPILER_GLOBAL_ACCENT_COLOR_NAME = AccentColor;
				CODE_SIGN_STYLE = Automatic;
				CURRENT_PROJECT_VERSION = 1;
				DEVELOPMENT_ASSET_PATHS = "\"FitnessGuide/Preview Content\"";
				DEVELOPMENT_TEAM = P7W3D595Y8;
				ENABLE_PREVIEWS = YES;
				GENERATE_INFOPLIST_FILE = YES;
				INFOPLIST_KEY_UIApplicationSceneManifest_Generation = YES;
				INFOPLIST_KEY_UIApplicationSupportsIndirectInputEvents = YES;
				INFOPLIST_KEY_UILaunchScreen_Generation = YES;
				INFOPLIST_KEY_UISupportedInterfaceOrientations_iPad = "UIInterfaceOrientationPortrait UIInterfaceOrientationPortraitUpsideDown UIInterfaceOrientationLandscapeLeft UIInterfaceOrientationLandscapeRight";
				INFOPLIST_KEY_UISupportedInterfaceOrientations_iPhone = "UIInterfaceOrientationPortrait UIInterfaceOrientationLandscapeLeft UIInterfaceOrientationLandscapeRight";
				LD_RUNPATH_SEARCH_PATHS = (
					"$(inherited)",
					"@executable_path/Frameworks",
				);
				MARKETING_VERSION = 1.0;
				PRODUCT_BUNDLE_IDENTIFIER = com.Test.FitnessGuide;
				PRODUCT_NAME = "$(TARGET_NAME)";
				SWIFT_EMIT_LOC_STRINGS = YES;
				SWIFT_VERSION = 5.0;
				TARGETED_DEVICE_FAMILY = "1,2";
			};
			name = Debug;
		};
		71DF6A1A2922CD1800CC618F /* Release */ = {
			isa = XCBuildConfiguration;
			buildSettings = {
				ASSETCATALOG_COMPILER_APPICON_NAME = AppIcon;
				ASSETCATALOG_COMPILER_GLOBAL_ACCENT_COLOR_NAME = AccentColor;
				CODE_SIGN_STYLE = Automatic;
				CURRENT_PROJECT_VERSION = 1;
				DEVELOPMENT_ASSET_PATHS = "\"FitnessGuide/Preview Content\"";
				DEVELOPMENT_TEAM = P7W3D595Y8;
				ENABLE_PREVIEWS = YES;
				GENERATE_INFOPLIST_FILE = YES;
				INFOPLIST_KEY_UIApplicationSceneManifest_Generation = YES;
				INFOPLIST_KEY_UIApplicationSupportsIndirectInputEvents = YES;
				INFOPLIST_KEY_UILaunchScreen_Generation = YES;
				INFOPLIST_KEY_UISupportedInterfaceOrientations_iPad = "UIInterfaceOrientationPortrait UIInterfaceOrientationPortraitUpsideDown UIInterfaceOrientationLandscapeLeft UIInterfaceOrientationLandscapeRight";
				INFOPLIST_KEY_UISupportedInterfaceOrientations_iPhone = "UIInterfaceOrientationPortrait UIInterfaceOrientationLandscapeLeft UIInterfaceOrientationLandscapeRight";
				LD_RUNPATH_SEARCH_PATHS = (
					"$(inherited)",
					"@executable_path/Frameworks",
				);
				MARKETING_VERSION = 1.0;
				PRODUCT_BUNDLE_IDENTIFIER = com.Test.FitnessGuide;
				PRODUCT_NAME = "$(TARGET_NAME)";
				SWIFT_EMIT_LOC_STRINGS = YES;
				SWIFT_VERSION = 5.0;
				TARGETED_DEVICE_FAMILY = "1,2";
			};
			name = Release;
		};
		71DF6A1C2922CD1800CC618F /* Debug */ = {
			isa = XCBuildConfiguration;
			buildSettings = {
				ALWAYS_EMBED_SWIFT_STANDARD_LIBRARIES = YES;
				BUNDLE_LOADER = "$(TEST_HOST)";
				CODE_SIGN_STYLE = Automatic;
				CURRENT_PROJECT_VERSION = 1;
				DEVELOPMENT_TEAM = P7W3D595Y8;
				GENERATE_INFOPLIST_FILE = YES;
				IPHONEOS_DEPLOYMENT_TARGET = 16.0;
				MARKETING_VERSION = 1.0;
				PRODUCT_BUNDLE_IDENTIFIER = com.Test.FitnessGuideTests;
				PRODUCT_NAME = "$(TARGET_NAME)";
				SWIFT_EMIT_LOC_STRINGS = NO;
				SWIFT_VERSION = 5.0;
				TARGETED_DEVICE_FAMILY = "1,2";
				TEST_HOST = "$(BUILT_PRODUCTS_DIR)/FitnessGuide.app/$(BUNDLE_EXECUTABLE_FOLDER_PATH)/FitnessGuide";
			};
			name = Debug;
		};
		71DF6A1D2922CD1800CC618F /* Release */ = {
			isa = XCBuildConfiguration;
			buildSettings = {
				ALWAYS_EMBED_SWIFT_STANDARD_LIBRARIES = YES;
				BUNDLE_LOADER = "$(TEST_HOST)";
				CODE_SIGN_STYLE = Automatic;
				CURRENT_PROJECT_VERSION = 1;
				DEVELOPMENT_TEAM = P7W3D595Y8;
				GENERATE_INFOPLIST_FILE = YES;
				IPHONEOS_DEPLOYMENT_TARGET = 16.0;
				MARKETING_VERSION = 1.0;
				PRODUCT_BUNDLE_IDENTIFIER = com.Test.FitnessGuideTests;
				PRODUCT_NAME = "$(TARGET_NAME)";
				SWIFT_EMIT_LOC_STRINGS = NO;
				SWIFT_VERSION = 5.0;
				TARGETED_DEVICE_FAMILY = "1,2";
				TEST_HOST = "$(BUILT_PRODUCTS_DIR)/FitnessGuide.app/$(BUNDLE_EXECUTABLE_FOLDER_PATH)/FitnessGuide";
			};
			name = Release;
		};
		71DF6A1F2922CD1800CC618F /* Debug */ = {
			isa = XCBuildConfiguration;
			buildSettings = {
				ALWAYS_EMBED_SWIFT_STANDARD_LIBRARIES = YES;
				CODE_SIGN_STYLE = Automatic;
				CURRENT_PROJECT_VERSION = 1;
				DEVELOPMENT_TEAM = P7W3D595Y8;
				GENERATE_INFOPLIST_FILE = YES;
				MARKETING_VERSION = 1.0;
				PRODUCT_BUNDLE_IDENTIFIER = com.Test.FitnessGuideUITests;
				PRODUCT_NAME = "$(TARGET_NAME)";
				SWIFT_EMIT_LOC_STRINGS = NO;
				SWIFT_VERSION = 5.0;
				TARGETED_DEVICE_FAMILY = "1,2";
				TEST_TARGET_NAME = FitnessGuide;
			};
			name = Debug;
		};
		71DF6A202922CD1800CC618F /* Release */ = {
			isa = XCBuildConfiguration;
			buildSettings = {
				ALWAYS_EMBED_SWIFT_STANDARD_LIBRARIES = YES;
				CODE_SIGN_STYLE = Automatic;
				CURRENT_PROJECT_VERSION = 1;
				DEVELOPMENT_TEAM = P7W3D595Y8;
				GENERATE_INFOPLIST_FILE = YES;
				MARKETING_VERSION = 1.0;
				PRODUCT_BUNDLE_IDENTIFIER = com.Test.FitnessGuideUITests;
				PRODUCT_NAME = "$(TARGET_NAME)";
				SWIFT_EMIT_LOC_STRINGS = NO;
				SWIFT_VERSION = 5.0;
				TARGETED_DEVICE_FAMILY = "1,2";
				TEST_TARGET_NAME = FitnessGuide;
			};
			name = Release;
		};
/* End XCBuildConfiguration section */

/* Begin XCConfigurationList section */
		71DF69EF2922CD1700CC618F /* Build configuration list for PBXProject "FitnessGuide" */ = {
			isa = XCConfigurationList;
			buildConfigurations = (
				71DF6A162922CD1800CC618F /* Debug */,
				71DF6A172922CD1800CC618F /* Release */,
			);
			defaultConfigurationIsVisible = 0;
			defaultConfigurationName = Release;
		};
		71DF6A182922CD1800CC618F /* Build configuration list for PBXNativeTarget "FitnessGuide" */ = {
			isa = XCConfigurationList;
			buildConfigurations = (
				71DF6A192922CD1800CC618F /* Debug */,
				71DF6A1A2922CD1800CC618F /* Release */,
			);
			defaultConfigurationIsVisible = 0;
			defaultConfigurationName = Release;
		};
		71DF6A1B2922CD1800CC618F /* Build configuration list for PBXNativeTarget "FitnessGuideTests" */ = {
			isa = XCConfigurationList;
			buildConfigurations = (
				71DF6A1C2922CD1800CC618F /* Debug */,
				71DF6A1D2922CD1800CC618F /* Release */,
			);
			defaultConfigurationIsVisible = 0;
			defaultConfigurationName = Release;
		};
		71DF6A1E2922CD1800CC618F /* Build configuration list for PBXNativeTarget "FitnessGuideUITests" */ = {
			isa = XCConfigurationList;
			buildConfigurations = (
				71DF6A1F2922CD1800CC618F /* Debug */,
				71DF6A202922CD1800CC618F /* Release */,
			);
			defaultConfigurationIsVisible = 0;
			defaultConfigurationName = Release;
		};
/* End XCConfigurationList section */
	};
	rootObject = 71DF69EC2922CD1700CC618F /* Project object */;
}
